{
  "lockfileVersion": 1,
  "workspaces": {
    "": {
      "name": "color",
      "dependencies": {
        "colorjs.io": "^0.5.2",
      },
    },
  },
  "packages": {
    "colorjs.io": ["colorjs.io@0.5.2", "", {}, "sha512-twmVoizEW7ylZSN32OgKdXRmo1qg+wT5/6C3xu5b9QsWzSFAhHLn2xd8ro0diCsKfCj1RdaTP/nrcW+vAoQPIw=="],
  }
}
